
Microsoft Visual Studio Solution File, Format Version 12.00
# Visual Studio Version 16
VisualStudioVersion = 25.0.1705.1
MinimumVisualStudioVersion = 10.0.40219.1
Project("{FAE04EC0-301F-11D3-BF4B-00C04F79EFBC}") = "Notes", "Notes\Notes.csproj", "{02CA4547-5593-4198-8246-D330F25856B7}"
EndProject
Project("{FAE04EC0-301F-11D3-BF4B-00C04F79EFBC}") = "NotesBlaze", "NotesBlaze\NotesBlaze.csproj", "{4A16613F-47FA-4662-B9D7-9A754B014B4A}"
EndProject
Project("{FAE04EC0-301F-11D3-BF4B-00C04F79EFBC}") = "NotesShared", "NotesShared\NotesShared.csproj", "{265C381D-3500-40E1-A7BE-C444220E6AF7}"
EndProject
Global
	GlobalSection(SolutionConfigurationPlatforms) = preSolution
		Debug|Any CPU = Debug|Any CPU
		Release|Any CPU = Release|Any CPU
	EndGlobalSection
	GlobalSection(ProjectConfigurationPlatforms) = postSolution
		{02CA4547-5593-4198-8246-D330F25856B7}.Debug|Any CPU.ActiveCfg = Debug|Any CPU
		{02CA4547-5593-4198-8246-D330F25856B7}.Debug|Any CPU.Build.0 = Debug|Any CPU
		{02CA4547-5593-4198-8246-D330F25856B7}.Release|Any CPU.ActiveCfg = Release|Any CPU
		{02CA4547-5593-4198-8246-D330F25856B7}.Release|Any CPU.Build.0 = Release|Any CPU
		{4A16613F-47FA-4662-B9D7-9A754B014B4A}.Debug|Any CPU.ActiveCfg = Debug|Any CPU
		{4A16613F-47FA-4662-B9D7-9A754B014B4A}.Debug|Any CPU.Build.0 = Debug|Any CPU
		{4A16613F-47FA-4662-B9D7-9A754B014B4A}.Release|Any CPU.ActiveCfg = Release|Any CPU
		{4A16613F-47FA-4662-B9D7-9A754B014B4A}.Release|Any CPU.Build.0 = Release|Any CPU
		{265C381D-3500-40E1-A7BE-C444220E6AF7}.Debug|Any CPU.ActiveCfg = Debug|Any CPU
		{265C381D-3500-40E1-A7BE-C444220E6AF7}.Debug|Any CPU.Build.0 = Debug|Any CPU
		{265C381D-3500-40E1-A7BE-C444220E6AF7}.Release|Any CPU.ActiveCfg = Release|Any CPU
		{265C381D-3500-40E1-A7BE-C444220E6AF7}.Release|Any CPU.Build.0 = Release|Any CPU
	EndGlobalSection
	GlobalSection(SolutionProperties) = preSolution
		HideSolutionNode = FALSE
	EndGlobalSection
	GlobalSection(ExtensibilityGlobals) = postSolution
		SolutionGuid = {51FB1104-5E7A-46F7-94F7-BA32E1669A25}
	EndGlobalSection
EndGlobal
